
Microsoft Visual Studio Solution File, Format Version 12.00
Project("{FAE04EC0-301F-11D3-BF4B-00C04F79EFBC}") = "DotNetSocialBot.FunctionApp", "DotNetSocialBot.FunctionApp\DotNetSocialBot.FunctionApp.csproj", "{81676726-498F-48BF-8BA4-38DE94890C9A}"
EndProject
Global
	GlobalSection(SolutionConfigurationPlatforms) = preSolution
		Debug|Any CPU = Debug|Any CPU
		Release|Any CPU = Release|Any CPU
	EndGlobalSection
	GlobalSection(ProjectConfigurationPlatforms) = postSolution
		{81676726-498F-48BF-8BA4-38DE94890C9A}.Debug|Any CPU.ActiveCfg = Debug|Any CPU
		{81676726-498F-48BF-8BA4-38DE94890C9A}.Debug|Any CPU.Build.0 = Debug|Any CPU
		{81676726-498F-48BF-8BA4-38DE94890C9A}.Release|Any CPU.ActiveCfg = Release|Any CPU
		{81676726-498F-48BF-8BA4-38DE94890C9A}.Release|Any CPU.Build.0 = Release|Any CPU
	EndGlobalSection
EndGlobal
